
Microsoft Visual Studio Solution File, Format Version 12.00
# Visual Studio 15
VisualStudioVersion = 15.0.28307.757
MinimumVisualStudioVersion = 10.0.40219.1
Project("{FAE04EC0-301F-11D3-BF4B-00C04F79EFBC}") = "Aula 04.09.2019 - Exercício 1", "Aula 04.09.2019 - Exercício 1\Aula 04.09.2019 - Exercício 1.csproj", "{AF1B08A0-3F0E-43C2-B293-33CF168F1DBD}"
EndProject
Global
	GlobalSection(SolutionConfigurationPlatforms) = preSolution
		Debug|Any CPU = Debug|Any CPU
		Release|Any CPU = Release|Any CPU
	EndGlobalSection
	GlobalSection(ProjectConfigurationPlatforms) = postSolution
		{AF1B08A0-3F0E-43C2-B293-33CF168F1DBD}.Debug|Any CPU.ActiveCfg = Debug|Any CPU
		{AF1B08A0-3F0E-43C2-B293-33CF168F1DBD}.Debug|Any CPU.Build.0 = Debug|Any CPU
		{AF1B08A0-3F0E-43C2-B293-33CF168F1DBD}.Release|Any CPU.ActiveCfg = Release|Any CPU
		{AF1B08A0-3F0E-43C2-B293-33CF168F1DBD}.Release|Any CPU.Build.0 = Release|Any CPU
	EndGlobalSection
	GlobalSection(SolutionProperties) = preSolution
		HideSolutionNode = FALSE
	EndGlobalSection
	GlobalSection(ExtensibilityGlobals) = postSolution
		SolutionGuid = {88ADAEF5-2340-4BFA-AD1D-7A5FD1992538}
	EndGlobalSection
EndGlobal
