
Microsoft Visual Studio Solution File, Format Version 12.00
# Visual Studio 15
VisualStudioVersion = 15.0.28307.757
MinimumVisualStudioVersion = 10.0.40219.1
Project("{FAE04EC0-301F-11D3-BF4B-00C04F79EFBC}") = "Exercício-Aula5", "Exercício-Aula5\Exercício-Aula5.csproj", "{DFD5E36D-CB2F-4AB0-A28E-CDF9241C3D1E}"
EndProject
Global
	GlobalSection(SolutionConfigurationPlatforms) = preSolution
		Debug|Any CPU = Debug|Any CPU
		Release|Any CPU = Release|Any CPU
	EndGlobalSection
	GlobalSection(ProjectConfigurationPlatforms) = postSolution
		{DFD5E36D-CB2F-4AB0-A28E-CDF9241C3D1E}.Debug|Any CPU.ActiveCfg = Debug|Any CPU
		{DFD5E36D-CB2F-4AB0-A28E-CDF9241C3D1E}.Debug|Any CPU.Build.0 = Debug|Any CPU
		{DFD5E36D-CB2F-4AB0-A28E-CDF9241C3D1E}.Release|Any CPU.ActiveCfg = Release|Any CPU
		{DFD5E36D-CB2F-4AB0-A28E-CDF9241C3D1E}.Release|Any CPU.Build.0 = Release|Any CPU
	EndGlobalSection
	GlobalSection(SolutionProperties) = preSolution
		HideSolutionNode = FALSE
	EndGlobalSection
	GlobalSection(ExtensibilityGlobals) = postSolution
		SolutionGuid = {8BD50675-D6CF-4823-8B17-06C9C7B3CB29}
	EndGlobalSection
EndGlobal
