
Microsoft Visual Studio Solution File, Format Version 12.00
# Visual Studio 15
VisualStudioVersion = 15.0.28307.757
MinimumVisualStudioVersion = 10.0.40219.1
Project("{FAE04EC0-301F-11D3-BF4B-00C04F79EFBC}") = "Exer1", "Exer1\Exer1.csproj", "{98852D75-22C3-4617-8B45-B1BEF1E865B9}"
EndProject
Global
	GlobalSection(SolutionConfigurationPlatforms) = preSolution
		Debug|Any CPU = Debug|Any CPU
		Release|Any CPU = Release|Any CPU
	EndGlobalSection
	GlobalSection(ProjectConfigurationPlatforms) = postSolution
		{98852D75-22C3-4617-8B45-B1BEF1E865B9}.Debug|Any CPU.ActiveCfg = Debug|Any CPU
		{98852D75-22C3-4617-8B45-B1BEF1E865B9}.Debug|Any CPU.Build.0 = Debug|Any CPU
		{98852D75-22C3-4617-8B45-B1BEF1E865B9}.Release|Any CPU.ActiveCfg = Release|Any CPU
		{98852D75-22C3-4617-8B45-B1BEF1E865B9}.Release|Any CPU.Build.0 = Release|Any CPU
	EndGlobalSection
	GlobalSection(SolutionProperties) = preSolution
		HideSolutionNode = FALSE
	EndGlobalSection
	GlobalSection(ExtensibilityGlobals) = postSolution
		SolutionGuid = {BF594F88-9F92-4315-8426-6329E1A997EA}
	EndGlobalSection
EndGlobal
