
Microsoft Visual Studio Solution File, Format Version 12.00
# Visual Studio 15
VisualStudioVersion = 15.0.28307.757
MinimumVisualStudioVersion = 10.0.40219.1
Project("{FAE04EC0-301F-11D3-BF4B-00C04F79EFBC}") = "Aula 04.09.2019 - Exercício 2", "Aula 04.09.2019 - Exercício 2\Aula 04.09.2019 - Exercício 2.csproj", "{25BB5052-0DDE-417F-9DC5-4BBCE137E7FF}"
EndProject
Global
	GlobalSection(SolutionConfigurationPlatforms) = preSolution
		Debug|Any CPU = Debug|Any CPU
		Release|Any CPU = Release|Any CPU
	EndGlobalSection
	GlobalSection(ProjectConfigurationPlatforms) = postSolution
		{25BB5052-0DDE-417F-9DC5-4BBCE137E7FF}.Debug|Any CPU.ActiveCfg = Debug|Any CPU
		{25BB5052-0DDE-417F-9DC5-4BBCE137E7FF}.Debug|Any CPU.Build.0 = Debug|Any CPU
		{25BB5052-0DDE-417F-9DC5-4BBCE137E7FF}.Release|Any CPU.ActiveCfg = Release|Any CPU
		{25BB5052-0DDE-417F-9DC5-4BBCE137E7FF}.Release|Any CPU.Build.0 = Release|Any CPU
	EndGlobalSection
	GlobalSection(SolutionProperties) = preSolution
		HideSolutionNode = FALSE
	EndGlobalSection
	GlobalSection(ExtensibilityGlobals) = postSolution
		SolutionGuid = {D0E36577-209D-4067-8777-8F43CC48DBD3}
	EndGlobalSection
EndGlobal
