
Microsoft Visual Studio Solution File, Format Version 12.00
# Visual Studio 15
VisualStudioVersion = 15.0.28307.757
MinimumVisualStudioVersion = 10.0.40219.1
Project("{FAE04EC0-301F-11D3-BF4B-00C04F79EFBC}") = "Exercicio5", "Exercicio5\Exercicio5.csproj", "{B989D221-C104-4A77-AF23-C15934D4F26D}"
EndProject
Global
	GlobalSection(SolutionConfigurationPlatforms) = preSolution
		Debug|Any CPU = Debug|Any CPU
		Release|Any CPU = Release|Any CPU
	EndGlobalSection
	GlobalSection(ProjectConfigurationPlatforms) = postSolution
		{B989D221-C104-4A77-AF23-C15934D4F26D}.Debug|Any CPU.ActiveCfg = Debug|Any CPU
		{B989D221-C104-4A77-AF23-C15934D4F26D}.Debug|Any CPU.Build.0 = Debug|Any CPU
		{B989D221-C104-4A77-AF23-C15934D4F26D}.Release|Any CPU.ActiveCfg = Release|Any CPU
		{B989D221-C104-4A77-AF23-C15934D4F26D}.Release|Any CPU.Build.0 = Release|Any CPU
	EndGlobalSection
	GlobalSection(SolutionProperties) = preSolution
		HideSolutionNode = FALSE
	EndGlobalSection
	GlobalSection(ExtensibilityGlobals) = postSolution
		SolutionGuid = {3A29B773-6159-4CA8-B3EB-CB02F3863D30}
	EndGlobalSection
EndGlobal
